
Microsoft Visual Studio Solution File, Format Version 12.00
# Visual Studio Version 17
VisualStudioVersion = 17.8.34511.84
MinimumVisualStudioVersion = 10.0.40219.1
Project("{FAE04EC0-301F-11D3-BF4B-00C04F79EFBC}") = "AppVendasWeb", "AppVendasWeb\AppVendasWeb.csproj", "{9C3798E1-3795-4D43-984D-A298474DDDCE}"
EndProject
Global
	GlobalSection(SolutionConfigurationPlatforms) = preSolution
		Debug|Any CPU = Debug|Any CPU
		Release|Any CPU = Release|Any CPU
	EndGlobalSection
	GlobalSection(ProjectConfigurationPlatforms) = postSolution
		{9C3798E1-3795-4D43-984D-A298474DDDCE}.Debug|Any CPU.ActiveCfg = Debug|Any CPU
		{9C3798E1-3795-4D43-984D-A298474DDDCE}.Debug|Any CPU.Build.0 = Debug|Any CPU
		{9C3798E1-3795-4D43-984D-A298474DDDCE}.Release|Any CPU.ActiveCfg = Release|Any CPU
		{9C3798E1-3795-4D43-984D-A298474DDDCE}.Release|Any CPU.Build.0 = Release|Any CPU
	EndGlobalSection
	GlobalSection(SolutionProperties) = preSolution
		HideSolutionNode = FALSE
	EndGlobalSection
	GlobalSection(ExtensibilityGlobals) = postSolution
		SolutionGuid = {A0606FB7-ED4B-4376-AA8B-4841419A2825}
	EndGlobalSection
EndGlobal
